
Microsoft Visual Studio Solution File, Format Version 12.00
# Visual Studio Version 17
VisualStudioVersion = 17.7.34031.279
MinimumVisualStudioVersion = 10.0.40219.1
Project("{FAE04EC0-301F-11D3-BF4B-00C04F79EFBC}") = "LCNET-Management-Bot", "LCNET-Management-Bot.csproj", "{0BB08712-F7F2-4C1D-A0B3-AA854459BF05}"
EndProject
Global
	GlobalSection(SolutionConfigurationPlatforms) = preSolution
		Debug|Any CPU = Debug|Any CPU
		Release|Any CPU = Release|Any CPU
	EndGlobalSection
	GlobalSection(ProjectConfigurationPlatforms) = postSolution
		{0BB08712-F7F2-4C1D-A0B3-AA854459BF05}.Debug|Any CPU.ActiveCfg = Debug|Any CPU
		{0BB08712-F7F2-4C1D-A0B3-AA854459BF05}.Debug|Any CPU.Build.0 = Debug|Any CPU
		{0BB08712-F7F2-4C1D-A0B3-AA854459BF05}.Release|Any CPU.ActiveCfg = Release|Any CPU
		{0BB08712-F7F2-4C1D-A0B3-AA854459BF05}.Release|Any CPU.Build.0 = Release|Any CPU
	EndGlobalSection
	GlobalSection(SolutionProperties) = preSolution
		HideSolutionNode = FALSE
	EndGlobalSection
	GlobalSection(ExtensibilityGlobals) = postSolution
		SolutionGuid = {48C97F6F-86AF-4294-B571-63E0A21E51B2}
	EndGlobalSection
EndGlobal
